
Microsoft Visual Studio Solution File, Format Version 12.00
# Visual Studio 15
VisualStudioVersion = 15.0.27703.2035
MinimumVisualStudioVersion = 10.0.40219.1
Project("{FAE04EC0-301F-11D3-BF4B-00C04F79EFBC}") = "FMocker", "FMocker\FMocker.csproj", "{604BC0F3-247E-4EDF-A570-4F4C377F77C5}"
EndProject
Global
	GlobalSection(SolutionConfigurationPlatforms) = preSolution
		Debug|Any CPU = Debug|Any CPU
		Release|Any CPU = Release|Any CPU
	EndGlobalSection
	GlobalSection(ProjectConfigurationPlatforms) = postSolution
		{604BC0F3-247E-4EDF-A570-4F4C377F77C5}.Debug|Any CPU.ActiveCfg = Debug|Any CPU
		{604BC0F3-247E-4EDF-A570-4F4C377F77C5}.Debug|Any CPU.Build.0 = Debug|Any CPU
		{604BC0F3-247E-4EDF-A570-4F4C377F77C5}.Release|Any CPU.ActiveCfg = Release|Any CPU
		{604BC0F3-247E-4EDF-A570-4F4C377F77C5}.Release|Any CPU.Build.0 = Release|Any CPU
	EndGlobalSection
	GlobalSection(SolutionProperties) = preSolution
		HideSolutionNode = FALSE
	EndGlobalSection
	GlobalSection(ExtensibilityGlobals) = postSolution
		SolutionGuid = {107AC45C-FB59-4A6A-9A05-9560F3FCA2D9}
	EndGlobalSection
EndGlobal
